{
  "name": "recycling_ssg",
  "lockfileVersion": 3,
  "requires": true,
  "packages": {
    "": {
      "devDependencies": {
        "daisyui": "^5.7.27"
      }
    },
    "node_modules/daisyui": {
      "version": "5.7.27",
      "resolved": "https://registry.npmjs.org/daisyui/-/daisyui-5.7.27.tgz",
      "integrity": "sha512-Je10yYK7UFJYyLSQrIxhFmpwX+86gXdNTnfNkA1jlev7j9oz3QrqioEQ6/0JYOvYPs5NYH4aaJ+X35/N80G/xg==",
      "dev": true,
      "license": "MIT",
      "funding": {
        "url": "https://github.com/saadeghi/daisyui?sponsor=1"
      }
    }
  }
}
